PODS:
  - YUniMPSDK (3.96):
    - YUniMPSDK/Audio (= 3.96)
    - YUniMPSDK/Barcode (= 3.96)
    - YUniMPSDK/Camera (= 3.96)
    - YUniMPSDK/Contacts (= 3.96)
    - YUniMPSDK/Core (= 3.96)
    - YUniMPSDK/NativeJs (= 3.96)
    - YUniMPSDK/Video (= 3.96)
    - YUniMPSDK/Zip (= 3.96)
  - YUniMPSDK/Audio (3.96)
  - YUniMPSDK/Barcode (3.96)
  - YUniMPSDK/Basic (3.96)
  - YUniMPSDK/Camera (3.96)
  - YUniMPSDK/Contacts (3.96)
  - YUniMPSDK/Core (3.96):
    - YUniMPSDK/Basic
  - YUniMPSDK/NativeJs (3.96)
  - YUniMPSDK/Video (3.96)
  - YUniMPSDK/Zip (3.96)

DEPENDENCIES:
  - YUniMPSDK (from `../../../YUniMPSDK`)

EXTERNAL SOURCES:
  YUniMPSDK:
    :path: "../../../YUniMPSDK"

SPEC CHECKSUMS:
  YUniMPSDK: 39bd4a1e46a4ac2b54bc3a9f903f44313ce30c05

PODFILE CHECKSUM: 7bb8cee520d934723bdb95ac9f26237349a608d3

COCOAPODS: 1.12.0
