PODS:
  - YUniMPSDK (3.8.12):
    - YUniMPSDK/Audio (= 3.8.12)
    - YUniMPSDK/Barcode (= 3.8.12)
    - YUniMPSDK/Camera (= 3.8.12)
    - YUniMPSDK/Contacts (= 3.8.12)
    - YUniMPSDK/Core (= 3.8.12)
    - YUniMPSDK/NativeJs (= 3.8.12)
    - YUniMPSDK/Video (= 3.8.12)
    - YUniMPSDK/Zip (= 3.8.12)
  - YUniMPSDK/Audio (3.8.12)
  - YUniMPSDK/BaiduSDK (3.8.12)
  - YUniMPSDK/Barcode (3.8.12)
  - YUniMPSDK/Basic (3.8.12)
  - YUniMPSDK/Camera (3.8.12)
  - YUniMPSDK/Contacts (3.8.12)
  - YUniMPSDK/Core (3.8.12):
    - YUniMPSDK/Basic
  - YUniMPSDK/NativeJs (3.8.12)
  - YUniMPSDK/Video (3.8.12)
  - YUniMPSDK/Zip (3.8.12)

DEPENDENCIES:
  - YUniMPSDK (~> 3.8)
  - YUniMPSDK/BaiduSDK (~> 3.8)

SPEC REPOS:
  https://github.com/CocoaPods/Specs.git:
    - YUniMPSDK

SPEC CHECKSUMS:
  YUniMPSDK: c5ce400d5534a98abbe1d239887a5cff9c3dfa8e

PODFILE CHECKSUM: dee5f50fa53ead300dc724480383f49b01849f4f

COCOAPODS: 1.12.0
